Microsoft Visual Studio Solution File, Format Version 12.00
# Visual Studio Version 17
VisualStudioVersion = 17.10.35122.118
MinimumVisualStudioVersion = 10.0.40219.1
Project("{2150E333-8FDC-42A3-9474-1A3956D46DE8}") = "src", "src", "{8B5D6679-2D35-487A-BD8D-0BC903DE415F}"
EndProject
Project("{9A19103F-16F7-4668-BE54-9A1E7A4F7556}") = "ChatApp.AppHost", "src\ChatApp.AppHost\ChatApp.AppHost.csproj", "{E660D64D-BBC5-4590-820D-5544669B436E}"
EndProject
Project("{9A19103F-16F7-4668-BE54-9A1E7A4F7556}") = "ChatApp.ServiceDefaults", "src\ChatApp.ServiceDefaults\ChatApp.ServiceDefaults.csproj", "{8476202F-D97C-48D7-B81D-5B48B08B5FF9}"
EndProject
Project("{2150E333-8FDC-42A3-9474-1A3956D46DE8}") = "ChatApp.Chats", "ChatApp.Chats", "{9BF1F6DC-C371-4156-886B-8D70D67C70BB}"
EndProject
Project("{9A19103F-16F7-4668-BE54-9A1E7A4F7556}") = "ChatApp.Common", "src\ChatApp.Common\ChatApp.Common.csproj", "{971358B3-C7C3-46E3-ABA0-B801553BA0AE}"
EndProject
Project("{9A19103F-16F7-4668-BE54-9A1E7A4F7556}") = "ChatApp.Worker.DbMigration", "src\ChatApp.Worker.DbMigration\ChatApp.Worker.DbMigration.csproj", "{5D4FAD90-EAE9-4D3F-AFA8-87AE218192A5}"
EndProject
Project("{2150E333-8FDC-42A3-9474-1A3956D46DE8}") = "ChatApp.Users", "ChatApp.Users", "{DB5B9A69-9ADE-4C36-9734-5AE3F528718B}"
EndProject
Project("{FAE04EC0-301F-11D3-BF4B-00C04F79EFBC}") = "ChatApp.Users.Api", "src\ChatApp.Users\ChatApp.Users.Api\ChatApp.Users.Api.csproj", "{E9F8BC44-4835-4490-BA68-F32C092A9B64}"
EndProject
Project("{FAE04EC0-301F-11D3-BF4B-00C04F79EFBC}") = "ChatApp.Chats.Application", "src\ChatApp.Chats\ChatApp.Chats.Application\ChatApp.Chats.Application.csproj", "{F702AC3B-6DF6-ACCC-CF7D-2DB635445774}"
EndProject
Project("{FAE04EC0-301F-11D3-BF4B-00C04F79EFBC}") = "ChatApp.Chats.Domain", "src\ChatApp.Chats\ChatApp.Chats.Domain\ChatApp.Chats.Domain.csproj", "{9B10D599-2A0E-BC86-9121-5153B15A3D31}"
EndProject
Project("{FAE04EC0-301F-11D3-BF4B-00C04F79EFBC}") = "ChatApp.Chats.Api", "src\ChatApp.Chats\ChatApp.Chats.Api\ChatApp.Chats.Api.csproj", "{959D8F4A-9CBC-C6A6-F204-6B59E832C97F}"
EndProject
Project("{FAE04EC0-301F-11D3-BF4B-00C04F79EFBC}") = "ChatApp.Chats.Infrastructure", "src\ChatApp.Chats\ChatApp.Chats.Infrastructure\ChatApp.Chats.Infrastructure.csproj", "{78DA21BA-EAAC-0ED8-BF9B-E9FCFCFE4B4D}"
EndProject
Project("{FAE04EC0-301F-11D3-BF4B-00C04F79EFBC}") = "ChatApp.Chats.Presentation", "src\ChatApp.Chats\ChatApp.Chats.Presentation\ChatApp.Chats.Presentation.csproj", "{E8C464FB-5B4A-7A7A-4206-3FDB0B20BCCF}"
EndProject
Project("{FAE04EC0-301F-11D3-BF4B-00C04F79EFBC}") = "ChatApp.Users.Application", "src\ChatApp.Users\ChatApp.Users.Application\ChatApp.Users.Application.csproj", "{B32542D9-E9E2-46B5-96E8-4E5EEAB87875}"
EndProject
Project("{FAE04EC0-301F-11D3-BF4B-00C04F79EFBC}") = "ChatApp.Users.Domain", "src\ChatApp.Users\ChatApp.Users.Domain\ChatApp.Users.Domain.csproj", "{898730F1-13C3-644F-1310-3FF4712357E1}"
EndProject
Project("{FAE04EC0-301F-11D3-BF4B-00C04F79EFBC}") = "ChatApp.Users.Infrastructure", "src\ChatApp.Users\ChatApp.Users.Infrastructure\ChatApp.Users.Infrastructure.csproj", "{A62844B9-3A9D-0C7B-3052-83469C27893D}"
EndProject
Project("{FAE04EC0-301F-11D3-BF4B-00C04F79EFBC}") = "ChatApp.Users.Presentation", "src\ChatApp.Users\ChatApp.Users.Presentation\ChatApp.Users.Presentation.csproj", "{A8EF95C7-1B3C-3E37-D352-0492B063DD7D}"
EndProject
Project("{FAE04EC0-301F-11D3-BF4B-00C04F79EFBC}") = "ChatApp.Chats.Worker", "src\ChatApp.Chats\ChatApp.Chats.Worker\ChatApp.Chats.Worker.csproj", "{F273C1D0-6C38-24D8-A66F-2E34DF812902}"
EndProject
Global
	GlobalSection(SolutionConfigurationPlatforms) = preSolution
		Debug|Any CPU = Debug|Any CPU
		Release|Any CPU = Release|Any CPU
	EndGlobalSection
	GlobalSection(ProjectConfigurationPlatforms) = postSolution
		{E660D64D-BBC5-4590-820D-5544669B436E}.Debug|Any CPU.ActiveCfg = Debug|Any CPU
		{E660D64D-BBC5-4590-820D-5544669B436E}.Debug|Any CPU.Build.0 = Debug|Any CPU
		{E660D64D-BBC5-4590-820D-5544669B436E}.Release|Any CPU.ActiveCfg = Release|Any CPU
		{E660D64D-BBC5-4590-820D-5544669B436E}.Release|Any CPU.Build.0 = Release|Any CPU
		{8476202F-D97C-48D7-B81D-5B48B08B5FF9}.Debug|Any CPU.ActiveCfg = Debug|Any CPU
		{8476202F-D97C-48D7-B81D-5B48B08B5FF9}.Debug|Any CPU.Build.0 = Debug|Any CPU
		{8476202F-D97C-48D7-B81D-5B48B08B5FF9}.Release|Any CPU.ActiveCfg = Release|Any CPU
		{8476202F-D97C-48D7-B81D-5B48B08B5FF9}.Release|Any CPU.Build.0 = Release|Any CPU
		{971358B3-C7C3-46E3-ABA0-B801553BA0AE}.Debug|Any CPU.ActiveCfg = Debug|Any CPU
		{971358B3-C7C3-46E3-ABA0-B801553BA0AE}.Debug|Any CPU.Build.0 = Debug|Any CPU
		{971358B3-C7C3-46E3-ABA0-B801553BA0AE}.Release|Any CPU.ActiveCfg = Release|Any CPU
		{971358B3-C7C3-46E3-ABA0-B801553BA0AE}.Release|Any CPU.Build.0 = Release|Any CPU
		{5D4FAD90-EAE9-4D3F-AFA8-87AE218192A5}.Debug|Any CPU.ActiveCfg = Debug|Any CPU
		{5D4FAD90-EAE9-4D3F-AFA8-87AE218192A5}.Debug|Any CPU.Build.0 = Debug|Any CPU
		{5D4FAD90-EAE9-4D3F-AFA8-87AE218192A5}.Release|Any CPU.ActiveCfg = Release|Any CPU
		{5D4FAD90-EAE9-4D3F-AFA8-87AE218192A5}.Release|Any CPU.Build.0 = Release|Any CPU
		{E9F8BC44-4835-4490-BA68-F32C092A9B64}.Debug|Any CPU.ActiveCfg = Debug|Any CPU
		{E9F8BC44-4835-4490-BA68-F32C092A9B64}.Debug|Any CPU.Build.0 = Debug|Any CPU
		{E9F8BC44-4835-4490-BA68-F32C092A9B64}.Release|Any CPU.ActiveCfg = Release|Any CPU
		{E9F8BC44-4835-4490-BA68-F32C092A9B64}.Release|Any CPU.Build.0 = Release|Any CPU
		{F702AC3B-6DF6-ACCC-CF7D-2DB635445774}.Debug|Any CPU.ActiveCfg = Debug|Any CPU
		{F702AC3B-6DF6-ACCC-CF7D-2DB635445774}.Debug|Any CPU.Build.0 = Debug|Any CPU
		{F702AC3B-6DF6-ACCC-CF7D-2DB635445774}.Release|Any CPU.ActiveCfg = Release|Any CPU
		{F702AC3B-6DF6-ACCC-CF7D-2DB635445774}.Release|Any CPU.Build.0 = Release|Any CPU
		{9B10D599-2A0E-BC86-9121-5153B15A3D31}.Debug|Any CPU.ActiveCfg = Debug|Any CPU
		{9B10D599-2A0E-BC86-9121-5153B15A3D31}.Debug|Any CPU.Build.0 = Debug|Any CPU
		{9B10D599-2A0E-BC86-9121-5153B15A3D31}.Release|Any CPU.ActiveCfg = Release|Any CPU
		{9B10D599-2A0E-BC86-9121-5153B15A3D31}.Release|Any CPU.Build.0 = Release|Any CPU
		{959D8F4A-9CBC-C6A6-F204-6B59E832C97F}.Debug|Any CPU.ActiveCfg = Debug|Any CPU
		{959D8F4A-9CBC-C6A6-F204-6B59E832C97F}.Debug|Any CPU.Build.0 = Debug|Any CPU
		{959D8F4A-9CBC-C6A6-F204-6B59E832C97F}.Release|Any CPU.ActiveCfg = Release|Any CPU
		{959D8F4A-9CBC-C6A6-F204-6B59E832C97F}.Release|Any CPU.Build.0 = Release|Any CPU
		{78DA21BA-EAAC-0ED8-BF9B-E9FCFCFE4B4D}.Debug|Any CPU.ActiveCfg = Debug|Any CPU
		{78DA21BA-EAAC-0ED8-BF9B-E9FCFCFE4B4D}.Debug|Any CPU.Build.0 = Debug|Any CPU
		{78DA21BA-EAAC-0ED8-BF9B-E9FCFCFE4B4D}.Release|Any CPU.ActiveCfg = Release|Any CPU
		{78DA21BA-EAAC-0ED8-BF9B-E9FCFCFE4B4D}.Release|Any CPU.Build.0 = Release|Any CPU
		{E8C464FB-5B4A-7A7A-4206-3FDB0B20BCCF}.Debug|Any CPU.ActiveCfg = Debug|Any CPU
		{E8C464FB-5B4A-7A7A-4206-3FDB0B20BCCF}.Debug|Any CPU.Build.0 = Debug|Any CPU
		{E8C464FB-5B4A-7A7A-4206-3FDB0B20BCCF}.Release|Any CPU.ActiveCfg = Release|Any CPU
		{E8C464FB-5B4A-7A7A-4206-3FDB0B20BCCF}.Release|Any CPU.Build.0 = Release|Any CPU
		{B32542D9-E9E2-46B5-96E8-4E5EEAB87875}.Debug|Any CPU.ActiveCfg = Debug|Any CPU
		{B32542D9-E9E2-46B5-96E8-4E5EEAB87875}.Debug|Any CPU.Build.0 = Debug|Any CPU
		{B32542D9-E9E2-46B5-96E8-4E5EEAB87875}.Release|Any CPU.ActiveCfg = Release|Any CPU
		{B32542D9-E9E2-46B5-96E8-4E5EEAB87875}.Release|Any CPU.Build.0 = Release|Any CPU
		{898730F1-13C3-644F-1310-3FF4712357E1}.Debug|Any CPU.ActiveCfg = Debug|Any CPU
		{898730F1-13C3-644F-1310-3FF4712357E1}.Debug|Any CPU.Build.0 = Debug|Any CPU
		{898730F1-13C3-644F-1310-3FF4712357E1}.Release|Any CPU.ActiveCfg = Release|Any CPU
		{898730F1-13C3-644F-1310-3FF4712357E1}.Release|Any CPU.Build.0 = Release|Any CPU
		{A62844B9-3A9D-0C7B-3052-83469C27893D}.Debug|Any CPU.ActiveCfg = Debug|Any CPU
		{A62844B9-3A9D-0C7B-3052-83469C27893D}.Debug|Any CPU.Build.0 = Debug|Any CPU
		{A62844B9-3A9D-0C7B-3052-83469C27893D}.Release|Any CPU.ActiveCfg = Release|Any CPU
		{A62844B9-3A9D-0C7B-3052-83469C27893D}.Release|Any CPU.Build.0 = Release|Any CPU
		{A8EF95C7-1B3C-3E37-D352-0492B063DD7D}.Debug|Any CPU.ActiveCfg = Debug|Any CPU
		{A8EF95C7-1B3C-3E37-D352-0492B063DD7D}.Debug|Any CPU.Build.0 = Debug|Any CPU
		{A8EF95C7-1B3C-3E37-D352-0492B063DD7D}.Release|Any CPU.ActiveCfg = Release|Any CPU
		{A8EF95C7-1B3C-3E37-D352-0492B063DD7D}.Release|Any CPU.Build.0 = Release|Any CPU
		{F273C1D0-6C38-24D8-A66F-2E34DF812902}.Debug|Any CPU.ActiveCfg = Debug|Any CPU
		{F273C1D0-6C38-24D8-A66F-2E34DF812902}.Debug|Any CPU.Build.0 = Debug|Any CPU
		{F273C1D0-6C38-24D8-A66F-2E34DF812902}.Release|Any CPU.ActiveCfg = Release|Any CPU
		{F273C1D0-6C38-24D8-A66F-2E34DF812902}.Release|Any CPU.Build.0 = Release|Any CPU
	EndGlobalSection
	GlobalSection(SolutionProperties) = preSolution
		HideSolutionNode = FALSE
	EndGlobalSection
	GlobalSection(NestedProjects) = preSolution
		{E660D64D-BBC5-4590-820D-5544669B436E} = {8B5D6679-2D35-487A-BD8D-0BC903DE415F}
		{8476202F-D97C-48D7-B81D-5B48B08B5FF9} = {8B5D6679-2D35-487A-BD8D-0BC903DE415F}
		{9BF1F6DC-C371-4156-886B-8D70D67C70BB} = {8B5D6679-2D35-487A-BD8D-0BC903DE415F}
		{971358B3-C7C3-46E3-ABA0-B801553BA0AE} = {8B5D6679-2D35-487A-BD8D-0BC903DE415F}
		{5D4FAD90-EAE9-4D3F-AFA8-87AE218192A5} = {8B5D6679-2D35-487A-BD8D-0BC903DE415F}
		{DB5B9A69-9ADE-4C36-9734-5AE3F528718B} = {8B5D6679-2D35-487A-BD8D-0BC903DE415F}
		{E9F8BC44-4835-4490-BA68-F32C092A9B64} = {DB5B9A69-9ADE-4C36-9734-5AE3F528718B}
		{F702AC3B-6DF6-ACCC-CF7D-2DB635445774} = {9BF1F6DC-C371-4156-886B-8D70D67C70BB}
		{9B10D599-2A0E-BC86-9121-5153B15A3D31} = {9BF1F6DC-C371-4156-886B-8D70D67C70BB}
		{959D8F4A-9CBC-C6A6-F204-6B59E832C97F} = {9BF1F6DC-C371-4156-886B-8D70D67C70BB}
		{78DA21BA-EAAC-0ED8-BF9B-E9FCFCFE4B4D} = {9BF1F6DC-C371-4156-886B-8D70D67C70BB}
		{E8C464FB-5B4A-7A7A-4206-3FDB0B20BCCF} = {9BF1F6DC-C371-4156-886B-8D70D67C70BB}
		{B32542D9-E9E2-46B5-96E8-4E5EEAB87875} = {DB5B9A69-9ADE-4C36-9734-5AE3F528718B}
		{898730F1-13C3-644F-1310-3FF4712357E1} = {DB5B9A69-9ADE-4C36-9734-5AE3F528718B}
		{A62844B9-3A9D-0C7B-3052-83469C27893D} = {DB5B9A69-9ADE-4C36-9734-5AE3F528718B}
		{A8EF95C7-1B3C-3E37-D352-0492B063DD7D} = {DB5B9A69-9ADE-4C36-9734-5AE3F528718B}
		{F273C1D0-6C38-24D8-A66F-2E34DF812902} = {9BF1F6DC-C371-4156-886B-8D70D67C70BB}
	EndGlobalSection
	GlobalSection(ExtensibilityGlobals) = postSolution
		SolutionGuid = {AAC9ED7E-1D30-46EE-9B08-5EBAB04C3118}
	EndGlobalSection
EndGlobal
