Microsoft Visual Studio Solution File, Format Version 12.00
# Visual Studio Version 17
VisualStudioVersion = 17.10.35122.118
MinimumVisualStudioVersion = 10.0.40219.1
Project("{2150E333-8FDC-42A3-9474-1A3956D46DE8}") = "src", "src", "{8B5D6679-2D35-487A-BD8D-0BC903DE415F}"
EndProject
Project("{9A19103F-16F7-4668-BE54-9A1E7A4F7556}") = "ChatApp.AppHost", "src\ChatApp.AppHost\ChatApp.AppHost.csproj", "{E660D64D-BBC5-4590-820D-5544669B436E}"
EndProject
Project("{9A19103F-16F7-4668-BE54-9A1E7A4F7556}") = "ChatApp.ServiceDefaults", "src\ChatApp.ServiceDefaults\ChatApp.ServiceDefaults.csproj", "{8476202F-D97C-48D7-B81D-5B48B08B5FF9}"
EndProject
Project("{2150E333-8FDC-42A3-9474-1A3956D46DE8}") = "ChatApp.Chat", "ChatApp.Chat", "{9BF1F6DC-C371-4156-886B-8D70D67C70BB}"
EndProject
Project("{9A19103F-16F7-4668-BE54-9A1E7A4F7556}") = "ChatApp.Chat.Api", "src\ChatApp.Chat\ChatApp.Chat.Api\ChatApp.Chat.Api.csproj", "{CBE8B46B-48A3-4341-AE1E-C182640F8B2F}"
EndProject
Project("{9A19103F-16F7-4668-BE54-9A1E7A4F7556}") = "ChatApp.Chat.Domain", "src\ChatApp.Chat\ChatApp.Chat.Domain\ChatApp.Chat.Domain.csproj", "{40F2D7FC-A781-4249-B27E-9822EB69345B}"
EndProject
Project("{9A19103F-16F7-4668-BE54-9A1E7A4F7556}") = "ChatApp.Chat.Application", "src\ChatApp.Chat\ChatApp.Chat.Application\ChatApp.Chat.Application.csproj", "{75C1E63E-F15B-4709-96B8-7C9DBB4660EF}"
EndProject
Project("{9A19103F-16F7-4668-BE54-9A1E7A4F7556}") = "ChatApp.Chat.Infrastructer", "src\ChatApp.Chat\ChatApp.Chat.Infrastructer\ChatApp.Chat.Infrastructer.csproj", "{9EBF15A5-2C48-43C4-BFC1-73B6A9AAA742}"
EndProject
Project("{9A19103F-16F7-4668-BE54-9A1E7A4F7556}") = "ChatApp.Chat.Presentation", "src\ChatApp.Chat\ChatApp.Chat.Presentation\ChatApp.Chat.Presentation.csproj", "{5742CE54-D82A-4D9E-BEEC-486C86D94243}"
EndProject
Global
	GlobalSection(SolutionConfigurationPlatforms) = preSolution
		Debug|Any CPU = Debug|Any CPU
		Release|Any CPU = Release|Any CPU
	EndGlobalSection
	GlobalSection(ProjectConfigurationPlatforms) = postSolution
		{E660D64D-BBC5-4590-820D-5544669B436E}.Debug|Any CPU.ActiveCfg = Debug|Any CPU
		{E660D64D-BBC5-4590-820D-5544669B436E}.Debug|Any CPU.Build.0 = Debug|Any CPU
		{E660D64D-BBC5-4590-820D-5544669B436E}.Release|Any CPU.ActiveCfg = Release|Any CPU
		{E660D64D-BBC5-4590-820D-5544669B436E}.Release|Any CPU.Build.0 = Release|Any CPU
		{8476202F-D97C-48D7-B81D-5B48B08B5FF9}.Debug|Any CPU.ActiveCfg = Debug|Any CPU
		{8476202F-D97C-48D7-B81D-5B48B08B5FF9}.Debug|Any CPU.Build.0 = Debug|Any CPU
		{8476202F-D97C-48D7-B81D-5B48B08B5FF9}.Release|Any CPU.ActiveCfg = Release|Any CPU
		{8476202F-D97C-48D7-B81D-5B48B08B5FF9}.Release|Any CPU.Build.0 = Release|Any CPU
		{CBE8B46B-48A3-4341-AE1E-C182640F8B2F}.Debug|Any CPU.ActiveCfg = Debug|Any CPU
		{CBE8B46B-48A3-4341-AE1E-C182640F8B2F}.Debug|Any CPU.Build.0 = Debug|Any CPU
		{CBE8B46B-48A3-4341-AE1E-C182640F8B2F}.Release|Any CPU.ActiveCfg = Release|Any CPU
		{CBE8B46B-48A3-4341-AE1E-C182640F8B2F}.Release|Any CPU.Build.0 = Release|Any CPU
		{40F2D7FC-A781-4249-B27E-9822EB69345B}.Debug|Any CPU.ActiveCfg = Debug|Any CPU
		{40F2D7FC-A781-4249-B27E-9822EB69345B}.Debug|Any CPU.Build.0 = Debug|Any CPU
		{40F2D7FC-A781-4249-B27E-9822EB69345B}.Release|Any CPU.ActiveCfg = Release|Any CPU
		{40F2D7FC-A781-4249-B27E-9822EB69345B}.Release|Any CPU.Build.0 = Release|Any CPU
		{75C1E63E-F15B-4709-96B8-7C9DBB4660EF}.Debug|Any CPU.ActiveCfg = Debug|Any CPU
		{75C1E63E-F15B-4709-96B8-7C9DBB4660EF}.Debug|Any CPU.Build.0 = Debug|Any CPU
		{75C1E63E-F15B-4709-96B8-7C9DBB4660EF}.Release|Any CPU.ActiveCfg = Release|Any CPU
		{75C1E63E-F15B-4709-96B8-7C9DBB4660EF}.Release|Any CPU.Build.0 = Release|Any CPU
		{9EBF15A5-2C48-43C4-BFC1-73B6A9AAA742}.Debug|Any CPU.ActiveCfg = Debug|Any CPU
		{9EBF15A5-2C48-43C4-BFC1-73B6A9AAA742}.Debug|Any CPU.Build.0 = Debug|Any CPU
		{9EBF15A5-2C48-43C4-BFC1-73B6A9AAA742}.Release|Any CPU.ActiveCfg = Release|Any CPU
		{9EBF15A5-2C48-43C4-BFC1-73B6A9AAA742}.Release|Any CPU.Build.0 = Release|Any CPU
		{5742CE54-D82A-4D9E-BEEC-486C86D94243}.Debug|Any CPU.ActiveCfg = Debug|Any CPU
		{5742CE54-D82A-4D9E-BEEC-486C86D94243}.Debug|Any CPU.Build.0 = Debug|Any CPU
		{5742CE54-D82A-4D9E-BEEC-486C86D94243}.Release|Any CPU.ActiveCfg = Release|Any CPU
		{5742CE54-D82A-4D9E-BEEC-486C86D94243}.Release|Any CPU.Build.0 = Release|Any CPU
	EndGlobalSection
	GlobalSection(SolutionProperties) = preSolution
		HideSolutionNode = FALSE
	EndGlobalSection
	GlobalSection(NestedProjects) = preSolution
		{E660D64D-BBC5-4590-820D-5544669B436E} = {8B5D6679-2D35-487A-BD8D-0BC903DE415F}
		{8476202F-D97C-48D7-B81D-5B48B08B5FF9} = {8B5D6679-2D35-487A-BD8D-0BC903DE415F}
		{9BF1F6DC-C371-4156-886B-8D70D67C70BB} = {8B5D6679-2D35-487A-BD8D-0BC903DE415F}
		{CBE8B46B-48A3-4341-AE1E-C182640F8B2F} = {9BF1F6DC-C371-4156-886B-8D70D67C70BB}
		{40F2D7FC-A781-4249-B27E-9822EB69345B} = {9BF1F6DC-C371-4156-886B-8D70D67C70BB}
		{75C1E63E-F15B-4709-96B8-7C9DBB4660EF} = {9BF1F6DC-C371-4156-886B-8D70D67C70BB}
		{9EBF15A5-2C48-43C4-BFC1-73B6A9AAA742} = {9BF1F6DC-C371-4156-886B-8D70D67C70BB}
		{5742CE54-D82A-4D9E-BEEC-486C86D94243} = {9BF1F6DC-C371-4156-886B-8D70D67C70BB}
	EndGlobalSection
	GlobalSection(ExtensibilityGlobals) = postSolution
		SolutionGuid = {AAC9ED7E-1D30-46EE-9B08-5EBAB04C3118}
	EndGlobalSection
EndGlobal
