Microsoft Visual Studio Solution File, Format Version 12.00
# Visual Studio Version 17
VisualStudioVersion = 17.10.35122.118
MinimumVisualStudioVersion = 10.0.40219.1
Project("{2150E333-8FDC-42A3-9474-1A3956D46DE8}") = "src", "src", "{8B5D6679-2D35-487A-BD8D-0BC903DE415F}"
EndProject
Project("{9A19103F-16F7-4668-BE54-9A1E7A4F7556}") = "ChatApp.AppHost", "src\ChatApp.AppHost\ChatApp.AppHost.csproj", "{E660D64D-BBC5-4590-820D-5544669B436E}"
EndProject
Project("{9A19103F-16F7-4668-BE54-9A1E7A4F7556}") = "ChatApp.ServiceDefaults", "src\ChatApp.ServiceDefaults\ChatApp.ServiceDefaults.csproj", "{8476202F-D97C-48D7-B81D-5B48B08B5FF9}"
EndProject
Project("{2150E333-8FDC-42A3-9474-1A3956D46DE8}") = "ChatApp.Chat", "ChatApp.Chat", "{9BF1F6DC-C371-4156-886B-8D70D67C70BB}"
EndProject
Project("{9A19103F-16F7-4668-BE54-9A1E7A4F7556}") = "ChatApp.Chat.Api", "src\ChatApp.Chat\ChatApp.Chat.Api\ChatApp.Chat.Api.csproj", "{CBE8B46B-48A3-4341-AE1E-C182640F8B2F}"
EndProject
Project("{9A19103F-16F7-4668-BE54-9A1E7A4F7556}") = "ChatApp.Chat.Domain", "src\ChatApp.Chat\ChatApp.Chat.Domain\ChatApp.Chat.Domain.csproj", "{40F2D7FC-A781-4249-B27E-9822EB69345B}"
EndProject
Project("{9A19103F-16F7-4668-BE54-9A1E7A4F7556}") = "ChatApp.Chat.Application", "src\ChatApp.Chat\ChatApp.Chat.Application\ChatApp.Chat.Application.csproj", "{75C1E63E-F15B-4709-96B8-7C9DBB4660EF}"
EndProject
Project("{9A19103F-16F7-4668-BE54-9A1E7A4F7556}") = "ChatApp.Chat.Presentation", "src\ChatApp.Chat\ChatApp.Chat.Presentation\ChatApp.Chat.Presentation.csproj", "{5742CE54-D82A-4D9E-BEEC-486C86D94243}"
EndProject
Project("{9A19103F-16F7-4668-BE54-9A1E7A4F7556}") = "ChatApp.Common", "src\ChatApp.Common\ChatApp.Common.csproj", "{971358B3-C7C3-46E3-ABA0-B801553BA0AE}"
EndProject
Project("{9A19103F-16F7-4668-BE54-9A1E7A4F7556}") = "ChatApp.Chat.Infrastructure", "src\ChatApp.Chat\ChatApp.Chat.Infrastructure\ChatApp.Chat.Infrastructure.csproj", "{385A01C4-58F0-4500-B541-FB2973C8FF4A}"
EndProject
Project("{9A19103F-16F7-4668-BE54-9A1E7A4F7556}") = "ChatApp.Worker.DbMigration", "src\ChatApp.Worker.DbMigration\ChatApp.Worker.DbMigration.csproj", "{5D4FAD90-EAE9-4D3F-AFA8-87AE218192A5}"
EndProject
Project("{2150E333-8FDC-42A3-9474-1A3956D46DE8}") = "ChatApp.Users", "ChatApp.Users", "{DB5B9A69-9ADE-4C36-9734-5AE3F528718B}"
EndProject
Project("{FAE04EC0-301F-11D3-BF4B-00C04F79EFBC}") = "ChatApp.Users.Api", "src\ChatApp.Users\ChatApp.Users.Api\ChatApp.Users.Api.csproj", "{E9F8BC44-4835-4490-BA68-F32C092A9B64}"
EndProject
Global
	GlobalSection(SolutionConfigurationPlatforms) = preSolution
		Debug|Any CPU = Debug|Any CPU
		Release|Any CPU = Release|Any CPU
	EndGlobalSection
	GlobalSection(ProjectConfigurationPlatforms) = postSolution
		{E660D64D-BBC5-4590-820D-5544669B436E}.Debug|Any CPU.ActiveCfg = Debug|Any CPU
		{E660D64D-BBC5-4590-820D-5544669B436E}.Debug|Any CPU.Build.0 = Debug|Any CPU
		{E660D64D-BBC5-4590-820D-5544669B436E}.Release|Any CPU.ActiveCfg = Release|Any CPU
		{E660D64D-BBC5-4590-820D-5544669B436E}.Release|Any CPU.Build.0 = Release|Any CPU
		{8476202F-D97C-48D7-B81D-5B48B08B5FF9}.Debug|Any CPU.ActiveCfg = Debug|Any CPU
		{8476202F-D97C-48D7-B81D-5B48B08B5FF9}.Debug|Any CPU.Build.0 = Debug|Any CPU
		{8476202F-D97C-48D7-B81D-5B48B08B5FF9}.Release|Any CPU.ActiveCfg = Release|Any CPU
		{8476202F-D97C-48D7-B81D-5B48B08B5FF9}.Release|Any CPU.Build.0 = Release|Any CPU
		{CBE8B46B-48A3-4341-AE1E-C182640F8B2F}.Debug|Any CPU.ActiveCfg = Debug|Any CPU
		{CBE8B46B-48A3-4341-AE1E-C182640F8B2F}.Debug|Any CPU.Build.0 = Debug|Any CPU
		{CBE8B46B-48A3-4341-AE1E-C182640F8B2F}.Release|Any CPU.ActiveCfg = Release|Any CPU
		{CBE8B46B-48A3-4341-AE1E-C182640F8B2F}.Release|Any CPU.Build.0 = Release|Any CPU
		{40F2D7FC-A781-4249-B27E-9822EB69345B}.Debug|Any CPU.ActiveCfg = Debug|Any CPU
		{40F2D7FC-A781-4249-B27E-9822EB69345B}.Debug|Any CPU.Build.0 = Debug|Any CPU
		{40F2D7FC-A781-4249-B27E-9822EB69345B}.Release|Any CPU.ActiveCfg = Release|Any CPU
		{40F2D7FC-A781-4249-B27E-9822EB69345B}.Release|Any CPU.Build.0 = Release|Any CPU
		{75C1E63E-F15B-4709-96B8-7C9DBB4660EF}.Debug|Any CPU.ActiveCfg = Debug|Any CPU
		{75C1E63E-F15B-4709-96B8-7C9DBB4660EF}.Debug|Any CPU.Build.0 = Debug|Any CPU
		{75C1E63E-F15B-4709-96B8-7C9DBB4660EF}.Release|Any CPU.ActiveCfg = Release|Any CPU
		{75C1E63E-F15B-4709-96B8-7C9DBB4660EF}.Release|Any CPU.Build.0 = Release|Any CPU
		{5742CE54-D82A-4D9E-BEEC-486C86D94243}.Debug|Any CPU.ActiveCfg = Debug|Any CPU
		{5742CE54-D82A-4D9E-BEEC-486C86D94243}.Debug|Any CPU.Build.0 = Debug|Any CPU
		{5742CE54-D82A-4D9E-BEEC-486C86D94243}.Release|Any CPU.ActiveCfg = Release|Any CPU
		{5742CE54-D82A-4D9E-BEEC-486C86D94243}.Release|Any CPU.Build.0 = Release|Any CPU
		{971358B3-C7C3-46E3-ABA0-B801553BA0AE}.Debug|Any CPU.ActiveCfg = Debug|Any CPU
		{971358B3-C7C3-46E3-ABA0-B801553BA0AE}.Debug|Any CPU.Build.0 = Debug|Any CPU
		{971358B3-C7C3-46E3-ABA0-B801553BA0AE}.Release|Any CPU.ActiveCfg = Release|Any CPU
		{971358B3-C7C3-46E3-ABA0-B801553BA0AE}.Release|Any CPU.Build.0 = Release|Any CPU
		{385A01C4-58F0-4500-B541-FB2973C8FF4A}.Debug|Any CPU.ActiveCfg = Debug|Any CPU
		{385A01C4-58F0-4500-B541-FB2973C8FF4A}.Debug|Any CPU.Build.0 = Debug|Any CPU
		{385A01C4-58F0-4500-B541-FB2973C8FF4A}.Release|Any CPU.ActiveCfg = Release|Any CPU
		{385A01C4-58F0-4500-B541-FB2973C8FF4A}.Release|Any CPU.Build.0 = Release|Any CPU
		{5D4FAD90-EAE9-4D3F-AFA8-87AE218192A5}.Debug|Any CPU.ActiveCfg = Debug|Any CPU
		{5D4FAD90-EAE9-4D3F-AFA8-87AE218192A5}.Debug|Any CPU.Build.0 = Debug|Any CPU
		{5D4FAD90-EAE9-4D3F-AFA8-87AE218192A5}.Release|Any CPU.ActiveCfg = Release|Any CPU
		{5D4FAD90-EAE9-4D3F-AFA8-87AE218192A5}.Release|Any CPU.Build.0 = Release|Any CPU
		{E9F8BC44-4835-4490-BA68-F32C092A9B64}.Debug|Any CPU.ActiveCfg = Debug|Any CPU
		{E9F8BC44-4835-4490-BA68-F32C092A9B64}.Debug|Any CPU.Build.0 = Debug|Any CPU
		{E9F8BC44-4835-4490-BA68-F32C092A9B64}.Release|Any CPU.ActiveCfg = Release|Any CPU
		{E9F8BC44-4835-4490-BA68-F32C092A9B64}.Release|Any CPU.Build.0 = Release|Any CPU
	EndGlobalSection
	GlobalSection(SolutionProperties) = preSolution
		HideSolutionNode = FALSE
	EndGlobalSection
	GlobalSection(NestedProjects) = preSolution
		{E660D64D-BBC5-4590-820D-5544669B436E} = {8B5D6679-2D35-487A-BD8D-0BC903DE415F}
		{8476202F-D97C-48D7-B81D-5B48B08B5FF9} = {8B5D6679-2D35-487A-BD8D-0BC903DE415F}
		{9BF1F6DC-C371-4156-886B-8D70D67C70BB} = {8B5D6679-2D35-487A-BD8D-0BC903DE415F}
		{CBE8B46B-48A3-4341-AE1E-C182640F8B2F} = {9BF1F6DC-C371-4156-886B-8D70D67C70BB}
		{40F2D7FC-A781-4249-B27E-9822EB69345B} = {9BF1F6DC-C371-4156-886B-8D70D67C70BB}
		{75C1E63E-F15B-4709-96B8-7C9DBB4660EF} = {9BF1F6DC-C371-4156-886B-8D70D67C70BB}
		{5742CE54-D82A-4D9E-BEEC-486C86D94243} = {9BF1F6DC-C371-4156-886B-8D70D67C70BB}
		{971358B3-C7C3-46E3-ABA0-B801553BA0AE} = {8B5D6679-2D35-487A-BD8D-0BC903DE415F}
		{385A01C4-58F0-4500-B541-FB2973C8FF4A} = {9BF1F6DC-C371-4156-886B-8D70D67C70BB}
		{5D4FAD90-EAE9-4D3F-AFA8-87AE218192A5} = {8B5D6679-2D35-487A-BD8D-0BC903DE415F}
		{DB5B9A69-9ADE-4C36-9734-5AE3F528718B} = {8B5D6679-2D35-487A-BD8D-0BC903DE415F}
		{E9F8BC44-4835-4490-BA68-F32C092A9B64} = {DB5B9A69-9ADE-4C36-9734-5AE3F528718B}
	EndGlobalSection
	GlobalSection(ExtensibilityGlobals) = postSolution
		SolutionGuid = {AAC9ED7E-1D30-46EE-9B08-5EBAB04C3118}
	EndGlobalSection
EndGlobal
